// !$*UTF8*$!
{
	archiveVersion = 1;
	classes = {
	};
	objectVersion = 50;
	objects = {

/* Begin PBXBuildFile section */
		55550E3020940AE500312163 /* ChaptersViewController.swift in Sources */ = {isa = PBXBuildFile; fileRef = 55550E2F20940AE500312163 /* ChaptersViewController.swift */; };
		55550E3220940C9F00312163 /* BookmarksViewController.swift in Sources */ = {isa = PBXBuildFile; fileRef = 55550E3120940C9F00312163 /* BookmarksViewController.swift */; };
		55550E3420940CB100312163 /* ExerciseViewController.swift in Sources */ = {isa = PBXBuildFile; fileRef = 55550E3320940CB100312163 /* ExerciseViewController.swift */; };
		55550E3620940CB700312163 /* MoreViewController.swift in Sources */ = {isa = PBXBuildFile; fileRef = 55550E3520940CB700312163 /* MoreViewController.swift */; };
		555D30E8209076F100143C16 /* DesignableImageView.swift in Sources */ = {isa = PBXBuildFile; fileRef = 555D30C7209076F100143C16 /* DesignableImageView.swift */; };
		555D30E9209076F100143C16 /* KeyboardLayoutConstraint.swift in Sources */ = {isa = PBXBuildFile; fileRef = 555D30C8209076F100143C16 /* KeyboardLayoutConstraint.swift */; };
		555D30EA209076F100143C16 /* TransitionManager.swift in Sources */ = {isa = PBXBuildFile; fileRef = 555D30C9209076F100143C16 /* TransitionManager.swift */; };
		555D30EB209076F100143C16 /* TransitionZoom.swift in Sources */ = {isa = PBXBuildFile; fileRef = 555D30CA209076F100143C16 /* TransitionZoom.swift */; };
		555D30EC209076F100143C16 /* ImageLoader.swift in Sources */ = {isa = PBXBuildFile; fileRef = 555D30CB209076F100143C16 /* ImageLoader.swift */; };
		555D30ED209076F100143C16 /* Spring.swift in Sources */ = {isa = PBXBuildFile; fileRef = 555D30CC209076F100143C16 /* Spring.swift */; };
		555D30EE209076F100143C16 /* StatusBar.swift in Sources */ = {isa = PBXBuildFile; fileRef = 555D30CD209076F100143C16 /* StatusBar.swift */; };
		555D30EF209076F100143C16 /* SpringImageView.swift in Sources */ = {isa = PBXBuildFile; fileRef = 555D30CE209076F100143C16 /* SpringImageView.swift */; };
		555D30F0209076F100143C16 /* DesignableLabel.swift in Sources */ = {isa = PBXBuildFile; fileRef = 555D30CF209076F100143C16 /* DesignableLabel.swift */; };
		555D30F1209076F100143C16 /* SoundPlayer.swift in Sources */ = {isa = PBXBuildFile; fileRef = 555D30D0209076F100143C16 /* SoundPlayer.swift */; };
		555D30F2209076F100143C16 /* BlurView.swift in Sources */ = {isa = PBXBuildFile; fileRef = 555D30D1209076F100143C16 /* BlurView.swift */; };
		555D30F3209076F100143C16 /* DesignableTextField.swift in Sources */ = {isa = PBXBuildFile; fileRef = 555D30D2209076F100143C16 /* DesignableTextField.swift */; };
		555D30F4209076F100143C16 /* SpringButton.swift in Sources */ = {isa = PBXBuildFile; fileRef = 555D30D3209076F100143C16 /* SpringButton.swift */; };
		555D30F5209076F100143C16 /* SpringTextView.swift in Sources */ = {isa = PBXBuildFile; fileRef = 555D30D4209076F100143C16 /* SpringTextView.swift */; };
		555D30F6209076F100143C16 /* SpringTransform.swift in Sources */ = {isa = PBXBuildFile; fileRef = 555D30D5209076F100143C16 /* SpringTransform.swift */; };
		555D30F7209076F100143C16 /* Misc.swift in Sources */ = {isa = PBXBuildFile; fileRef = 555D30D6209076F100143C16 /* Misc.swift */; };
		555D30F8209076F100143C16 /* SpringView.swift in Sources */ = {isa = PBXBuildFile; fileRef = 555D30D7209076F100143C16 /* SpringView.swift */; };
		555D30F9209076F100143C16 /* DesignableButton.swift in Sources */ = {isa = PBXBuildFile; fileRef = 555D30D8209076F100143C16 /* DesignableButton.swift */; };
		555D30FA209076F100143C16 /* SpringTextField.swift in Sources */ = {isa = PBXBuildFile; fileRef = 555D30D9209076F100143C16 /* SpringTextField.swift */; };
		555D30FB209076F100143C16 /* DesignableView.swift in Sources */ = {isa = PBXBuildFile; fileRef = 555D30DA209076F100143C16 /* DesignableView.swift */; };
		555D30FC209076F100143C16 /* DesignableTabBarController.swift in Sources */ = {isa = PBXBuildFile; fileRef = 555D30DB209076F100143C16 /* DesignableTabBarController.swift */; };
		555D30FD209076F100143C16 /* AsyncButton.swift in Sources */ = {isa = PBXBuildFile; fileRef = 555D30DC209076F100143C16 /* AsyncButton.swift */; };
		555D30FE209076F100143C16 /* DesignableVisualEffectView.swift in Sources */ = {isa = PBXBuildFile; fileRef = 555D30DD209076F100143C16 /* DesignableVisualEffectView.swift */; };
		555D30FF209076F100143C16 /* LoadingView.xib in Resources */ = {isa = PBXBuildFile; fileRef = 555D30DE209076F100143C16 /* LoadingView.xib */; };
		555D3100209076F100143C16 /* SpringLabel.swift in Sources */ = {isa = PBXBuildFile; fileRef = 555D30DF209076F100143C16 /* SpringLabel.swift */; };
		555D3101209076F100143C16 /* DesignableTextView.swift in Sources */ = {isa = PBXBuildFile; fileRef = 555D30E1209076F100143C16 /* DesignableTextView.swift */; };
		555D3102209076F100143C16 /* AutoTextView.swift in Sources */ = {isa = PBXBuildFile; fileRef = 555D30E2209076F100143C16 /* AutoTextView.swift */; };
		555D3103209076F100143C16 /* SpringAnimation.swift in Sources */ = {isa = PBXBuildFile; fileRef = 555D30E3209076F100143C16 /* SpringAnimation.swift */; };
		555D3104209076F100143C16 /* UnwindSegue.swift in Sources */ = {isa = PBXBuildFile; fileRef = 555D30E4209076F100143C16 /* UnwindSegue.swift */; };
		555D3105209076F100143C16 /* LoadingView.swift in Sources */ = {isa = PBXBuildFile; fileRef = 555D30E5209076F100143C16 /* LoadingView.swift */; };
		555D3106209076F100143C16 /* Info.plist in Resources */ = {isa = PBXBuildFile; fileRef = 555D30E6209076F100143C16 /* Info.plist */; };
		555D3107209076F100143C16 /* AsyncImageView.swift in Sources */ = {isa = PBXBuildFile; fileRef = 555D30E7209076F100143C16 /* AsyncImageView.swift */; };
		5585B89020AA6A7400FFD80C /* Section.storyboard in Resources */ = {isa = PBXBuildFile; fileRef = 5585B88F20AA6A7400FFD80C /* Section.storyboard */; };
		55881BED20ABC1DB00648E73 /* Realm.swift in Sources */ = {isa = PBXBuildFile; fileRef = 55881BEC20ABC1DB00648E73 /* Realm.swift */; };
		55A9E2E320A937C300E058D6 /* Embed.storyboard in Resources */ = {isa = PBXBuildFile; fileRef = 55A9E2E220A937C300E058D6 /* Embed.storyboard */; };
		55A9E2E520A971E400E058D6 /* Dialog.storyboard in Resources */ = {isa = PBXBuildFile; fileRef = 55A9E2E420A971E400E058D6 /* Dialog.storyboard */; };
		55A9E2E720A9720F00E058D6 /* TestimonialViewController.swift in Sources */ = {isa = PBXBuildFile; fileRef = 55A9E2E620A9720F00E058D6 /* TestimonialViewController.swift */; };
		55A9E2E920A9724300E058D6 /* BenefitViewController.swift in Sources */ = {isa = PBXBuildFile; fileRef = 55A9E2E820A9724300E058D6 /* BenefitViewController.swift */; };
		55A9E2EB20A97E2900E058D6 /* AccountViewController.swift in Sources */ = {isa = PBXBuildFile; fileRef = 55A9E2EA20A97E2900E058D6 /* AccountViewController.swift */; };
		55A9E2ED20A97E2F00E058D6 /* DiscountViewController.swift in Sources */ = {isa = PBXBuildFile; fileRef = 55A9E2EC20A97E2F00E058D6 /* DiscountViewController.swift */; };
		55A9E2EF20A97E3A00E058D6 /* PurchaseViewController.swift in Sources */ = {isa = PBXBuildFile; fileRef = 55A9E2EE20A97E3A00E058D6 /* PurchaseViewController.swift */; };
		55ADCC02209422CE000F921B /* ExercisesCell.swift in Sources */ = {isa = PBXBuildFile; fileRef = 55ADCC01209422CE000F921B /* ExercisesCell.swift */; };
		55ADCC0420942406000F921B /* ExercisesCollectionViewCell.swift in Sources */ = {isa = PBXBuildFile; fileRef = 55ADCC0320942406000F921B /* ExercisesCollectionViewCell.swift */; };
		55ADCC062094249C000F921B /* BookmarksCell.swift in Sources */ = {isa = PBXBuildFile; fileRef = 55ADCC052094249C000F921B /* BookmarksCell.swift */; };
		55B2EE2F2092D52B004B67C5 /* HomeViewController.swift in Sources */ = {isa = PBXBuildFile; fileRef = 55B2EE2E2092D52B004B67C5 /* HomeViewController.swift */; };
		55B635BB20A42B49000FA1E4 /* More.storyboard in Resources */ = {isa = PBXBuildFile; fileRef = 55B635BA20A42B49000FA1E4 /* More.storyboard */; };
		55B8CB9120AACA0300ECCF09 /* InteractionPanToClose.swift in Sources */ = {isa = PBXBuildFile; fileRef = 55B8CB9020AACA0300ECCF09 /* InteractionPanToClose.swift */; };
		55B8CB9420AADA7D00ECCF09 /* DCService.swift in Sources */ = {isa = PBXBuildFile; fileRef = 55B8CB9320AADA7D00ECCF09 /* DCService.swift */; };
		55B8CB9620AADBD000ECCF09 /* Data.swift in Sources */ = {isa = PBXBuildFile; fileRef = 55B8CB9520AADBD000ECCF09 /* Data.swift */; };
		55CE428120901E5F009609E0 /* AppDelegate.swift in Sources */ = {isa = PBXBuildFile; fileRef = 55CE428020901E5F009609E0 /* AppDelegate.swift */; };
		55CE428620901E5F009609E0 /* Main.storyboard in Resources */ = {isa = PBXBuildFile; fileRef = 55CE428420901E5F009609E0 /* Main.storyboard */; };
		55CE428820901E60009609E0 /* Assets.xcassets in Resources */ = {isa = PBXBuildFile; fileRef = 55CE428720901E60009609E0 /* Assets.xcassets */; };
		55CE428B20901E60009609E0 /* LaunchScreen.storyboard in Resources */ = {isa = PBXBuildFile; fileRef = 55CE428920901E60009609E0 /* LaunchScreen.storyboard */; };
		55CE429620901E60009609E0 /* PatronCNTests.swift in Sources */ = {isa = PBXBuildFile; fileRef = 55CE429520901E60009609E0 /* PatronCNTests.swift */; };
		55CE42A120901E61009609E0 /* PatronCNUITests.swift in Sources */ = {isa = PBXBuildFile; fileRef = 55CE42A020901E61009609E0 /* PatronCNUITests.swift */; };
		55D3483920A4498E00BF560D /* WebViewController.swift in Sources */ = {isa = PBXBuildFile; fileRef = 55D3483820A4498E00BF560D /* WebViewController.swift */; };
		55D3483B20A449BA00BF560D /* LoginViewController.swift in Sources */ = {isa = PBXBuildFile; fileRef = 55D3483A20A449BA00BF560D /* LoginViewController.swift */; };
		55D3483D20A449D700BF560D /* UpdatesViewController.swift in Sources */ = {isa = PBXBuildFile; fileRef = 55D3483C20A449D700BF560D /* UpdatesViewController.swift */; };
		55D3483F20A44A3100BF560D /* ExercisesViewController.swift in Sources */ = {isa = PBXBuildFile; fileRef = 55D3483E20A44A3100BF560D /* ExercisesViewController.swift */; };
		55E872CD20AA826F00C44F97 /* Configuration.swift in Sources */ = {isa = PBXBuildFile; fileRef = 55E872CC20AA826F00C44F97 /* Configuration.swift */; };
		C0CBE65405A4943ACFDE27EA /* Pods_PatronCN.framework in Frameworks */ = {isa = PBXBuildFile; fileRef = 0864142139D37D865E112145 /* Pods_PatronCN.framework */; };
/* End PBXBuildFile section */

/* Begin PBXContainerItemProxy section */
		55CE429220901E60009609E0 /* PBXContainerItemProxy */ = {
			isa = PBXContainerItemProxy;
			containerPortal = 55CE427520901E5E009609E0 /* Project object */;
			proxyType = 1;
			remoteGlobalIDString = 55CE427C20901E5F009609E0;
			remoteInfo = PatronCN;
		};
		55CE429D20901E61009609E0 /* PBXContainerItemProxy */ = {
			isa = PBXContainerItemProxy;
			containerPortal = 55CE427520901E5E009609E0 /* Project object */;
			proxyType = 1;
			remoteGlobalIDString = 55CE427C20901E5F009609E0;
			remoteInfo = PatronCN;
		};
/* End PBXContainerItemProxy section */

/* Begin PBXFileReference section */
		0864142139D37D865E112145 /* Pods_PatronCN.framework */ = {isa = PBXFileReference; explicitFileType = wrapper.framework; includeInIndex = 0; path = Pods_PatronCN.framework; sourceTree = BUILT_PRODUCTS_DIR; };
		55550E2F20940AE500312163 /* ChaptersViewController.swift */ = {isa = PBXFileReference; lastKnownFileType = sourcecode.swift; path = ChaptersViewController.swift; sourceTree = "<group>"; };
		55550E3120940C9F00312163 /* BookmarksViewController.swift */ = {isa = PBXFileReference; lastKnownFileType = sourcecode.swift; path = BookmarksViewController.swift; sourceTree = "<group>"; };
		55550E3320940CB100312163 /* ExerciseViewController.swift */ = {isa = PBXFileReference; lastKnownFileType = sourcecode.swift; path = ExerciseViewController.swift; sourceTree = "<group>"; };
		55550E3520940CB700312163 /* MoreViewController.swift */ = {isa = PBXFileReference; lastKnownFileType = sourcecode.swift; path = MoreViewController.swift; sourceTree = "<group>"; };
		555D30C7209076F100143C16 /* DesignableImageView.swift */ = {isa = PBXFileReference; fileEncoding = 4; lastKnownFileType = sourcecode.swift; path = DesignableImageView.swift; sourceTree = "<group>"; };
		555D30C8209076F100143C16 /* KeyboardLayoutConstraint.swift */ = {isa = PBXFileReference; fileEncoding = 4; lastKnownFileType = sourcecode.swift; path = KeyboardLayoutConstraint.swift; sourceTree = "<group>"; };
		555D30C9209076F100143C16 /* TransitionManager.swift */ = {isa = PBXFileReference; fileEncoding = 4; lastKnownFileType = sourcecode.swift; path = TransitionManager.swift; sourceTree = "<group>"; };
		555D30CA209076F100143C16 /* TransitionZoom.swift */ = {isa = PBXFileReference; fileEncoding = 4; lastKnownFileType = sourcecode.swift; path = TransitionZoom.swift; sourceTree = "<group>"; };
		555D30CB209076F100143C16 /* ImageLoader.swift */ = {isa = PBXFileReference; fileEncoding = 4; lastKnownFileType = sourcecode.swift; path = ImageLoader.swift; sourceTree = "<group>"; };
		555D30CC209076F100143C16 /* Spring.swift */ = {isa = PBXFileReference; fileEncoding = 4; lastKnownFileType = sourcecode.swift; path = Spring.swift; sourceTree = "<group>"; };
		555D30CD209076F100143C16 /* StatusBar.swift */ = {isa = PBXFileReference; fileEncoding = 4; lastKnownFileType = sourcecode.swift; path = StatusBar.swift; sourceTree = "<group>"; };
		555D30CE209076F100143C16 /* SpringImageView.swift */ = {isa = PBXFileReference; fileEncoding = 4; lastKnownFileType = sourcecode.swift; path = SpringImageView.swift; sourceTree = "<group>"; };
		555D30CF209076F100143C16 /* DesignableLabel.swift */ = {isa = PBXFileReference; fileEncoding = 4; lastKnownFileType = sourcecode.swift; path = DesignableLabel.swift; sourceTree = "<group>"; };
		555D30D0209076F100143C16 /* SoundPlayer.swift */ = {isa = PBXFileReference; fileEncoding = 4; lastKnownFileType = sourcecode.swift; path = SoundPlayer.swift; sourceTree = "<group>"; };
		555D30D1209076F100143C16 /* BlurView.swift */ = {isa = PBXFileReference; fileEncoding = 4; lastKnownFileType = sourcecode.swift; path = BlurView.swift; sourceTree = "<group>"; };
		555D30D2209076F100143C16 /* DesignableTextField.swift */ = {isa = PBXFileReference; fileEncoding = 4; lastKnownFileType = sourcecode.swift; path = DesignableTextField.swift; sourceTree = "<group>"; };
		555D30D3209076F100143C16 /* SpringButton.swift */ = {isa = PBXFileReference; fileEncoding = 4; lastKnownFileType = sourcecode.swift; path = SpringButton.swift; sourceTree = "<group>"; };
		555D30D4209076F100143C16 /* SpringTextView.swift */ = {isa = PBXFileReference; fileEncoding = 4; lastKnownFileType = sourcecode.swift; path = SpringTextView.swift; sourceTree = "<group>"; };
		555D30D5209076F100143C16 /* SpringTransform.swift */ = {isa = PBXFileReference; fileEncoding = 4; lastKnownFileType = sourcecode.swift; path = SpringTransform.swift; sourceTree = "<group>"; };
		555D30D6209076F100143C16 /* Misc.swift */ = {isa = PBXFileReference; fileEncoding = 4; lastKnownFileType = sourcecode.swift; path = Misc.swift; sourceTree = "<group>"; };
		555D30D7209076F100143C16 /* SpringView.swift */ = {isa = PBXFileReference; fileEncoding = 4; lastKnownFileType = sourcecode.swift; path = SpringView.swift; sourceTree = "<group>"; };
		555D30D8209076F100143C16 /* DesignableButton.swift */ = {isa = PBXFileReference; fileEncoding = 4; lastKnownFileType = sourcecode.swift; path = DesignableButton.swift; sourceTree = "<group>"; };
		555D30D9209076F100143C16 /* SpringTextField.swift */ = {isa = PBXFileReference; fileEncoding = 4; lastKnownFileType = sourcecode.swift; path = SpringTextField.swift; sourceTree = "<group>"; };
		555D30DA209076F100143C16 /* DesignableView.swift */ = {isa = PBXFileReference; fileEncoding = 4; lastKnownFileType = sourcecode.swift; path = DesignableView.swift; sourceTree = "<group>"; };
		555D30DB209076F100143C16 /* DesignableTabBarController.swift */ = {isa = PBXFileReference; fileEncoding = 4; lastKnownFileType = sourcecode.swift; path = DesignableTabBarController.swift; sourceTree = "<group>"; };
		555D30DC209076F100143C16 /* AsyncButton.swift */ = {isa = PBXFileReference; fileEncoding = 4; lastKnownFileType = sourcecode.swift; path = AsyncButton.swift; sourceTree = "<group>"; };
		555D30DD209076F100143C16 /* DesignableVisualEffectView.swift */ = {isa = PBXFileReference; fileEncoding = 4; lastKnownFileType = sourcecode.swift; path = DesignableVisualEffectView.swift; sourceTree = "<group>"; };
		555D30DE209076F100143C16 /* LoadingView.xib */ = {isa = PBXFileReference; fileEncoding = 4; lastKnownFileType = file.xib; path = LoadingView.xib; sourceTree = "<group>"; };
		555D30DF209076F100143C16 /* SpringLabel.swift */ = {isa = PBXFileReference; fileEncoding = 4; lastKnownFileType = sourcecode.swift; path = SpringLabel.swift; sourceTree = "<group>"; };
		555D30E0209076F100143C16 /* Spring.h */ = {isa = PBXFileReference; fileEncoding = 4; lastKnownFileType = sourcecode.c.h; path = Spring.h; sourceTree = "<group>"; };
		555D30E1209076F100143C16 /* DesignableTextView.swift */ = {isa = PBXFileReference; fileEncoding = 4; lastKnownFileType = sourcecode.swift; path = DesignableTextView.swift; sourceTree = "<group>"; };
		555D30E2209076F100143C16 /* AutoTextView.swift */ = {isa = PBXFileReference; fileEncoding = 4; lastKnownFileType = sourcecode.swift; path = AutoTextView.swift; sourceTree = "<group>"; };
		555D30E3209076F100143C16 /* SpringAnimation.swift */ = {isa = PBXFileReference; fileEncoding = 4; lastKnownFileType = sourcecode.swift; path = SpringAnimation.swift; sourceTree = "<group>"; };
		555D30E4209076F100143C16 /* UnwindSegue.swift */ = {isa = PBXFileReference; fileEncoding = 4; lastKnownFileType = sourcecode.swift; path = UnwindSegue.swift; sourceTree = "<group>"; };
		555D30E5209076F100143C16 /* LoadingView.swift */ = {isa = PBXFileReference; fileEncoding = 4; lastKnownFileType = sourcecode.swift; path = LoadingView.swift; sourceTree = "<group>"; };
		555D30E6209076F100143C16 /* Info.plist */ = {isa = PBXFileReference; fileEncoding = 4; lastKnownFileType = text.plist.xml; path = Info.plist; sourceTree = "<group>"; };
		555D30E7209076F100143C16 /* AsyncImageView.swift */ = {isa = PBXFileReference; fileEncoding = 4; lastKnownFileType = sourcecode.swift; path = AsyncImageView.swift; sourceTree = "<group>"; };
		5585B88F20AA6A7400FFD80C /* Section.storyboard */ = {isa = PBXFileReference; lastKnownFileType = file.storyboard; path = Section.storyboard; sourceTree = "<group>"; };
		55881BEC20ABC1DB00648E73 /* Realm.swift */ = {isa = PBXFileReference; lastKnownFileType = sourcecode.swift; path = Realm.swift; sourceTree = "<group>"; };
		55A9E2E220A937C300E058D6 /* Embed.storyboard */ = {isa = PBXFileReference; lastKnownFileType = file.storyboard; path = Embed.storyboard; sourceTree = "<group>"; };
		55A9E2E420A971E400E058D6 /* Dialog.storyboard */ = {isa = PBXFileReference; lastKnownFileType = file.storyboard; path = Dialog.storyboard; sourceTree = "<group>"; };
		55A9E2E620A9720F00E058D6 /* TestimonialViewController.swift */ = {isa = PBXFileReference; lastKnownFileType = sourcecode.swift; path = TestimonialViewController.swift; sourceTree = "<group>"; };
		55A9E2E820A9724300E058D6 /* BenefitViewController.swift */ = {isa = PBXFileReference; lastKnownFileType = sourcecode.swift; path = BenefitViewController.swift; sourceTree = "<group>"; };
		55A9E2EA20A97E2900E058D6 /* AccountViewController.swift */ = {isa = PBXFileReference; lastKnownFileType = sourcecode.swift; path = AccountViewController.swift; sourceTree = "<group>"; };
		55A9E2EC20A97E2F00E058D6 /* DiscountViewController.swift */ = {isa = PBXFileReference; lastKnownFileType = sourcecode.swift; path = DiscountViewController.swift; sourceTree = "<group>"; };
		55A9E2EE20A97E3A00E058D6 /* PurchaseViewController.swift */ = {isa = PBXFileReference; lastKnownFileType = sourcecode.swift; path = PurchaseViewController.swift; sourceTree = "<group>"; };
		55ADCC01209422CE000F921B /* ExercisesCell.swift */ = {isa = PBXFileReference; lastKnownFileType = sourcecode.swift; path = ExercisesCell.swift; sourceTree = "<group>"; };
		55ADCC0320942406000F921B /* ExercisesCollectionViewCell.swift */ = {isa = PBXFileReference; lastKnownFileType = sourcecode.swift; path = ExercisesCollectionViewCell.swift; sourceTree = "<group>"; };
		55ADCC052094249C000F921B /* BookmarksCell.swift */ = {isa = PBXFileReference; lastKnownFileType = sourcecode.swift; path = BookmarksCell.swift; sourceTree = "<group>"; };
		55B2EE2E2092D52B004B67C5 /* HomeViewController.swift */ = {isa = PBXFileReference; lastKnownFileType = sourcecode.swift; path = HomeViewController.swift; sourceTree = "<group>"; };
		55B635BA20A42B49000FA1E4 /* More.storyboard */ = {isa = PBXFileReference; lastKnownFileType = file.storyboard; path = More.storyboard; sourceTree = "<group>"; };
		55B8CB9020AACA0300ECCF09 /* InteractionPanToClose.swift */ = {isa = PBXFileReference; lastKnownFileType = sourcecode.swift; path = InteractionPanToClose.swift; sourceTree = "<group>"; };
		55B8CB9320AADA7D00ECCF09 /* DCService.swift */ = {isa = PBXFileReference; lastKnownFileType = sourcecode.swift; path = DCService.swift; sourceTree = "<group>"; };
		55B8CB9520AADBD000ECCF09 /* Data.swift */ = {isa = PBXFileReference; lastKnownFileType = sourcecode.swift; path = Data.swift; sourceTree = "<group>"; };
		55CE427D20901E5F009609E0 /* PatronCN.app */ = {isa = PBXFileReference; explicitFileType = wrapper.application; includeInIndex = 0; path = PatronCN.app; sourceTree = BUILT_PRODUCTS_DIR; };
		55CE428020901E5F009609E0 /* AppDelegate.swift */ = {isa = PBXFileReference; lastKnownFileType = sourcecode.swift; path = AppDelegate.swift; sourceTree = "<group>"; };
		55CE428520901E5F009609E0 /* Base */ = {isa = PBXFileReference; lastKnownFileType = file.storyboard; name = Base; path = Base.lproj/Main.storyboard; sourceTree = "<group>"; };
		55CE428720901E60009609E0 /* Assets.xcassets */ = {isa = PBXFileReference; lastKnownFileType = folder.assetcatalog; path = Assets.xcassets; sourceTree = "<group>"; };
		55CE428A20901E60009609E0 /* Base */ = {isa = PBXFileReference; lastKnownFileType = file.storyboard; name = Base; path = Base.lproj/LaunchScreen.storyboard; sourceTree = "<group>"; };
		55CE428C20901E60009609E0 /* Info.plist */ = {isa = PBXFileReference; lastKnownFileType = text.plist.xml; path = Info.plist; sourceTree = "<group>"; };
		55CE429120901E60009609E0 /* PatronCNTests.xctest */ = {isa = PBXFileReference; explicitFileType = wrapper.cfbundle; includeInIndex = 0; path = PatronCNTests.xctest; sourceTree = BUILT_PRODUCTS_DIR; };
		55CE429520901E60009609E0 /* PatronCNTests.swift */ = {isa = PBXFileReference; lastKnownFileType = sourcecode.swift; path = PatronCNTests.swift; sourceTree = "<group>"; };
		55CE429720901E60009609E0 /* Info.plist */ = {isa = PBXFileReference; lastKnownFileType = text.plist.xml; path = Info.plist; sourceTree = "<group>"; };
		55CE429C20901E61009609E0 /* PatronCNUITests.xctest */ = {isa = PBXFileReference; explicitFileType = wrapper.cfbundle; includeInIndex = 0; path = PatronCNUITests.xctest; sourceTree = BUILT_PRODUCTS_DIR; };
		55CE42A020901E61009609E0 /* PatronCNUITests.swift */ = {isa = PBXFileReference; lastKnownFileType = sourcecode.swift; path = PatronCNUITests.swift; sourceTree = "<group>"; };
		55CE42A220901E61009609E0 /* Info.plist */ = {isa = PBXFileReference; lastKnownFileType = text.plist.xml; path = Info.plist; sourceTree = "<group>"; };
		55D3483820A4498E00BF560D /* WebViewController.swift */ = {isa = PBXFileReference; lastKnownFileType = sourcecode.swift; path = WebViewController.swift; sourceTree = "<group>"; };
		55D3483A20A449BA00BF560D /* LoginViewController.swift */ = {isa = PBXFileReference; lastKnownFileType = sourcecode.swift; path = LoginViewController.swift; sourceTree = "<group>"; };
		55D3483C20A449D700BF560D /* UpdatesViewController.swift */ = {isa = PBXFileReference; lastKnownFileType = sourcecode.swift; path = UpdatesViewController.swift; sourceTree = "<group>"; };
		55D3483E20A44A3100BF560D /* ExercisesViewController.swift */ = {isa = PBXFileReference; lastKnownFileType = sourcecode.swift; path = ExercisesViewController.swift; sourceTree = "<group>"; };
		55E872CA20AA7B2700C44F97 /* default.realm */ = {isa = PBXFileReference; lastKnownFileType = file; path = default.realm; sourceTree = "<group>"; };
		55E872CC20AA826F00C44F97 /* Configuration.swift */ = {isa = PBXFileReference; lastKnownFileType = sourcecode.swift; path = Configuration.swift; sourceTree = "<group>"; };
		8BBB4FB0EDA246B977F8FB66 /* Pods-PatronCN.release.xcconfig */ = {isa = PBXFileReference; includeInIndex = 1; lastKnownFileType = text.xcconfig; name = "Pods-PatronCN.release.xcconfig"; path = "Pods/Target Support Files/Pods-PatronCN/Pods-PatronCN.release.xcconfig"; sourceTree = "<group>"; };
		A045786172CBAC3A500BAB41 /* Pods-PatronCN.debug.xcconfig */ = {isa = PBXFileReference; includeInIndex = 1; lastKnownFileType = text.xcconfig; name = "Pods-PatronCN.debug.xcconfig"; path = "Pods/Target Support Files/Pods-PatronCN/Pods-PatronCN.debug.xcconfig"; sourceTree = "<group>"; };
/* End PBXFileReference section */

/* Begin PBXFrameworksBuildPhase section */
		55CE427A20901E5F009609E0 /* Frameworks */ = {
			isa = PBXFrameworksBuildPhase;
			buildActionMask = 2147483647;
			files = (
				C0CBE65405A4943ACFDE27EA /* Pods_PatronCN.framework in Frameworks */,
			);
			runOnlyForDeploymentPostprocessing = 0;
		};
		55CE428E20901E60009609E0 /* Frameworks */ = {
			isa = PBXFrameworksBuildPhase;
			buildActionMask = 2147483647;
			files = (
			);
			runOnlyForDeploymentPostprocessing = 0;
		};
		55CE429920901E61009609E0 /* Frameworks */ = {
			isa = PBXFrameworksBuildPhase;
			buildActionMask = 2147483647;
			files = (
			);
			runOnlyForDeploymentPostprocessing = 0;
		};
/* End PBXFrameworksBuildPhase section */

/* Begin PBXGroup section */
		0F88DE0705329B20ACC07D88 /* Frameworks */ = {
			isa = PBXGroup;
			children = (
				0864142139D37D865E112145 /* Pods_PatronCN.framework */,
			);
			name = Frameworks;
			sourceTree = "<group>";
		};
		555D30C6209076F100143C16 /* Spring */ = {
			isa = PBXGroup;
			children = (
				555D30C7209076F100143C16 /* DesignableImageView.swift */,
				555D30C8209076F100143C16 /* KeyboardLayoutConstraint.swift */,
				555D30C9209076F100143C16 /* TransitionManager.swift */,
				555D30CA209076F100143C16 /* TransitionZoom.swift */,
				555D30CB209076F100143C16 /* ImageLoader.swift */,
				555D30CC209076F100143C16 /* Spring.swift */,
				555D30CD209076F100143C16 /* StatusBar.swift */,
				555D30CE209076F100143C16 /* SpringImageView.swift */,
				555D30CF209076F100143C16 /* DesignableLabel.swift */,
				555D30D0209076F100143C16 /* SoundPlayer.swift */,
				555D30D1209076F100143C16 /* BlurView.swift */,
				555D30D2209076F100143C16 /* DesignableTextField.swift */,
				555D30D3209076F100143C16 /* SpringButton.swift */,
				555D30D4209076F100143C16 /* SpringTextView.swift */,
				555D30D5209076F100143C16 /* SpringTransform.swift */,
				555D30D6209076F100143C16 /* Misc.swift */,
				555D30D7209076F100143C16 /* SpringView.swift */,
				555D30D8209076F100143C16 /* DesignableButton.swift */,
				555D30D9209076F100143C16 /* SpringTextField.swift */,
				555D30DA209076F100143C16 /* DesignableView.swift */,
				555D30DB209076F100143C16 /* DesignableTabBarController.swift */,
				555D30DC209076F100143C16 /* AsyncButton.swift */,
				555D30DD209076F100143C16 /* DesignableVisualEffectView.swift */,
				555D30DE209076F100143C16 /* LoadingView.xib */,
				555D30DF209076F100143C16 /* SpringLabel.swift */,
				555D30E0209076F100143C16 /* Spring.h */,
				555D30E1209076F100143C16 /* DesignableTextView.swift */,
				555D30E2209076F100143C16 /* AutoTextView.swift */,
				555D30E3209076F100143C16 /* SpringAnimation.swift */,
				555D30E4209076F100143C16 /* UnwindSegue.swift */,
				555D30E5209076F100143C16 /* LoadingView.swift */,
				555D30E6209076F100143C16 /* Info.plist */,
				555D30E7209076F100143C16 /* AsyncImageView.swift */,
			);
			path = Spring;
			sourceTree = "<group>";
		};
		55881BEB20ABC1C700648E73 /* Realm */ = {
			isa = PBXGroup;
			children = (
				55881BEC20ABC1DB00648E73 /* Realm.swift */,
			);
			path = Realm;
			sourceTree = "<group>";
		};
		55881BEE20ABDB7100648E73 /* Dialog */ = {
			isa = PBXGroup;
			children = (
				55A9E2EA20A97E2900E058D6 /* AccountViewController.swift */,
				55A9E2EC20A97E2F00E058D6 /* DiscountViewController.swift */,
				55A9E2EE20A97E3A00E058D6 /* PurchaseViewController.swift */,
			);
			path = Dialog;
			sourceTree = "<group>";
		};
		55881BEF20ABDB8B00648E73 /* Embed */ = {
			isa = PBXGroup;
			children = (
				55A9E2E620A9720F00E058D6 /* TestimonialViewController.swift */,
				55A9E2E820A9724300E058D6 /* BenefitViewController.swift */,
			);
			path = Embed;
			sourceTree = "<group>";
		};
		55ADCC00209422B9000F921B /* Cells */ = {
			isa = PBXGroup;
			children = (
				55ADCC01209422CE000F921B /* ExercisesCell.swift */,
				55ADCC0320942406000F921B /* ExercisesCollectionViewCell.swift */,
				55ADCC052094249C000F921B /* BookmarksCell.swift */,
			);
			path = Cells;
			sourceTree = "<group>";
		};
		55B2EE2D2092D515004B67C5 /* ViewControllers */ = {
			isa = PBXGroup;
			children = (
				55881BEF20ABDB8B00648E73 /* Embed */,
				55881BEE20ABDB7100648E73 /* Dialog */,
				55B2EE2E2092D52B004B67C5 /* HomeViewController.swift */,
				55550E2F20940AE500312163 /* ChaptersViewController.swift */,
				55550E3120940C9F00312163 /* BookmarksViewController.swift */,
				55550E3320940CB100312163 /* ExerciseViewController.swift */,
				55550E3520940CB700312163 /* MoreViewController.swift */,
				55D3483820A4498E00BF560D /* WebViewController.swift */,
				55D3483A20A449BA00BF560D /* LoginViewController.swift */,
				55D3483C20A449D700BF560D /* UpdatesViewController.swift */,
				55D3483E20A44A3100BF560D /* ExercisesViewController.swift */,
			);
			path = ViewControllers;
			sourceTree = "<group>";
		};
		55B635B920A42B39000FA1E4 /* StoryBoards */ = {
			isa = PBXGroup;
			children = (
				55B635BA20A42B49000FA1E4 /* More.storyboard */,
				55A9E2E220A937C300E058D6 /* Embed.storyboard */,
				55A9E2E420A971E400E058D6 /* Dialog.storyboard */,
				5585B88F20AA6A7400FFD80C /* Section.storyboard */,
			);
			path = StoryBoards;
			sourceTree = "<group>";
		};
		55B8CB8F20AAC9D900ECCF09 /* Transition */ = {
			isa = PBXGroup;
			children = (
				55B8CB9020AACA0300ECCF09 /* InteractionPanToClose.swift */,
			);
			path = Transition;
			sourceTree = "<group>";
		};
		55B8CB9220AADA6E00ECCF09 /* Data */ = {
			isa = PBXGroup;
			children = (
				55B8CB9320AADA7D00ECCF09 /* DCService.swift */,
				55B8CB9520AADBD000ECCF09 /* Data.swift */,
			);
			path = Data;
			sourceTree = "<group>";
		};
		55CE427420901E5E009609E0 = {
			isa = PBXGroup;
			children = (
				55CE427F20901E5F009609E0 /* PatronCN */,
				55CE429420901E60009609E0 /* PatronCNTests */,
				55CE429F20901E61009609E0 /* PatronCNUITests */,
				55CE427E20901E5F009609E0 /* Products */,
				6A899023877D9733A79A3BFD /* Pods */,
				0F88DE0705329B20ACC07D88 /* Frameworks */,
			);
			sourceTree = "<group>";
		};
		55CE427E20901E5F009609E0 /* Products */ = {
			isa = PBXGroup;
			children = (
				55CE427D20901E5F009609E0 /* PatronCN.app */,
				55CE429120901E60009609E0 /* PatronCNTests.xctest */,
				55CE429C20901E61009609E0 /* PatronCNUITests.xctest */,
			);
			name = Products;
			sourceTree = "<group>";
		};
		55CE427F20901E5F009609E0 /* PatronCN */ = {
			isa = PBXGroup;
			children = (
				55881BEB20ABC1C700648E73 /* Realm */,
				55B8CB9220AADA6E00ECCF09 /* Data */,
				55B8CB8F20AAC9D900ECCF09 /* Transition */,
				55E872CB20AA825B00C44F97 /* Utils */,
				55E872C920AA7B1900C44F97 /* Resources */,
				55B635B920A42B39000FA1E4 /* StoryBoards */,
				55ADCC00209422B9000F921B /* Cells */,
				55B2EE2D2092D515004B67C5 /* ViewControllers */,
				555D30C6209076F100143C16 /* Spring */,
				55CE428020901E5F009609E0 /* AppDelegate.swift */,
				55CE428420901E5F009609E0 /* Main.storyboard */,
				55CE428720901E60009609E0 /* Assets.xcassets */,
				55CE428920901E60009609E0 /* LaunchScreen.storyboard */,
				55CE428C20901E60009609E0 /* Info.plist */,
			);
			path = PatronCN;
			sourceTree = "<group>";
		};
		55CE429420901E60009609E0 /* PatronCNTests */ = {
			isa = PBXGroup;
			children = (
				55CE429520901E60009609E0 /* PatronCNTests.swift */,
				55CE429720901E60009609E0 /* Info.plist */,
			);
			path = PatronCNTests;
			sourceTree = "<group>";
		};
		55CE429F20901E61009609E0 /* PatronCNUITests */ = {
			isa = PBXGroup;
			children = (
				55CE42A020901E61009609E0 /* PatronCNUITests.swift */,
				55CE42A220901E61009609E0 /* Info.plist */,
			);
			path = PatronCNUITests;
			sourceTree = "<group>";
		};
		55E872C920AA7B1900C44F97 /* Resources */ = {
			isa = PBXGroup;
			children = (
				55E872CA20AA7B2700C44F97 /* default.realm */,
			);
			path = Resources;
			sourceTree = "<group>";
		};
		55E872CB20AA825B00C44F97 /* Utils */ = {
			isa = PBXGroup;
			children = (
				55E872CC20AA826F00C44F97 /* Configuration.swift */,
			);
			path = Utils;
			sourceTree = "<group>";
		};
		6A899023877D9733A79A3BFD /* Pods */ = {
			isa = PBXGroup;
			children = (
				A045786172CBAC3A500BAB41 /* Pods-PatronCN.debug.xcconfig */,
				8BBB4FB0EDA246B977F8FB66 /* Pods-PatronCN.release.xcconfig */,
			);
			name = Pods;
			sourceTree = "<group>";
		};
/* End PBXGroup section */

/* Begin PBXNativeTarget section */
		55CE427C20901E5F009609E0 /* PatronCN */ = {
			isa = PBXNativeTarget;
			buildConfigurationList = 55CE42A520901E61009609E0 /* Build configuration list for PBXNativeTarget "PatronCN" */;
			buildPhases = (
				8B0A04D750300A05DEB0237F /* [CP] Check Pods Manifest.lock */,
				55CE427920901E5F009609E0 /* Sources */,
				55CE427A20901E5F009609E0 /* Frameworks */,
				55CE427B20901E5F009609E0 /* Resources */,
				C2BBDE32074B5C6691A503B5 /* [CP] Embed Pods Frameworks */,
			);
			buildRules = (
			);
			dependencies = (
			);
			name = PatronCN;
			productName = PatronCN;
			productReference = 55CE427D20901E5F009609E0 /* PatronCN.app */;
			productType = "com.apple.product-type.application";
		};
		55CE429020901E60009609E0 /* PatronCNTests */ = {
			isa = PBXNativeTarget;
			buildConfigurationList = 55CE42A820901E61009609E0 /* Build configuration list for PBXNativeTarget "PatronCNTests" */;
			buildPhases = (
				55CE428D20901E60009609E0 /* Sources */,
				55CE428E20901E60009609E0 /* Frameworks */,
				55CE428F20901E60009609E0 /* Resources */,
			);
			buildRules = (
			);
			dependencies = (
				55CE429320901E60009609E0 /* PBXTargetDependency */,
			);
			name = PatronCNTests;
			productName = PatronCNTests;
			productReference = 55CE429120901E60009609E0 /* PatronCNTests.xctest */;
			productType = "com.apple.product-type.bundle.unit-test";
		};
		55CE429B20901E61009609E0 /* PatronCNUITests */ = {
			isa = PBXNativeTarget;
			buildConfigurationList = 55CE42AB20901E61009609E0 /* Build configuration list for PBXNativeTarget "PatronCNUITests" */;
			buildPhases = (
				55CE429820901E61009609E0 /* Sources */,
				55CE429920901E61009609E0 /* Frameworks */,
				55CE429A20901E61009609E0 /* Resources */,
			);
			buildRules = (
			);
			dependencies = (
				55CE429E20901E61009609E0 /* PBXTargetDependency */,
			);
			name = PatronCNUITests;
			productName = PatronCNUITests;
			productReference = 55CE429C20901E61009609E0 /* PatronCNUITests.xctest */;
			productType = "com.apple.product-type.bundle.ui-testing";
		};
/* End PBXNativeTarget section */

/* Begin PBXProject section */
		55CE427520901E5E009609E0 /* Project object */ = {
			isa = PBXProject;
			attributes = {
				LastSwiftUpdateCheck = 0930;
				LastUpgradeCheck = 0930;
				ORGANIZATIONNAME = "Guangdong convensiun technology co.,LTD";
				TargetAttributes = {
					55CE427C20901E5F009609E0 = {
						CreatedOnToolsVersion = 9.3;
					};
					55CE429020901E60009609E0 = {
						CreatedOnToolsVersion = 9.3;
						TestTargetID = 55CE427C20901E5F009609E0;
					};
					55CE429B20901E61009609E0 = {
						CreatedOnToolsVersion = 9.3;
						TestTargetID = 55CE427C20901E5F009609E0;
					};
				};
			};
			buildConfigurationList = 55CE427820901E5E009609E0 /* Build configuration list for PBXProject "PatronCN" */;
			compatibilityVersion = "Xcode 9.3";
			developmentRegion = en;
			hasScannedForEncodings = 0;
			knownRegions = (
				en,
				Base,
			);
			mainGroup = 55CE427420901E5E009609E0;
			productRefGroup = 55CE427E20901E5F009609E0 /* Products */;
			projectDirPath = "";
			projectRoot = "";
			targets = (
				55CE427C20901E5F009609E0 /* PatronCN */,
				55CE429020901E60009609E0 /* PatronCNTests */,
				55CE429B20901E61009609E0 /* PatronCNUITests */,
			);
		};
/* End PBXProject section */

/* Begin PBXResourcesBuildPhase section */
		55CE427B20901E5F009609E0 /* Resources */ = {
			isa = PBXResourcesBuildPhase;
			buildActionMask = 2147483647;
			files = (
				55A9E2E520A971E400E058D6 /* Dialog.storyboard in Resources */,
				5585B89020AA6A7400FFD80C /* Section.storyboard in Resources */,
				55CE428B20901E60009609E0 /* LaunchScreen.storyboard in Resources */,
				55B635BB20A42B49000FA1E4 /* More.storyboard in Resources */,
				555D30FF209076F100143C16 /* LoadingView.xib in Resources */,
				55CE428820901E60009609E0 /* Assets.xcassets in Resources */,
				555D3106209076F100143C16 /* Info.plist in Resources */,
				55CE428620901E5F009609E0 /* Main.storyboard in Resources */,
				55A9E2E320A937C300E058D6 /* Embed.storyboard in Resources */,
			);
			runOnlyForDeploymentPostprocessing = 0;
		};
		55CE428F20901E60009609E0 /* Resources */ = {
			isa = PBXResourcesBuildPhase;
			buildActionMask = 2147483647;
			files = (
			);
			runOnlyForDeploymentPostprocessing = 0;
		};
		55CE429A20901E61009609E0 /* Resources */ = {
			isa = PBXResourcesBuildPhase;
			buildActionMask = 2147483647;
			files = (
			);
			runOnlyForDeploymentPostprocessing = 0;
		};
/* End PBXResourcesBuildPhase section */

/* Begin PBXShellScriptBuildPhase section */
		8B0A04D750300A05DEB0237F /* [CP] Check Pods Manifest.lock */ = {
			isa = PBXShellScriptBuildPhase;
			buildActionMask = 2147483647;
			files = (
			);
			inputPaths = (
				"${PODS_PODFILE_DIR_PATH}/Podfile.lock",
				"${PODS_ROOT}/Manifest.lock",
			);
			name = "[CP] Check Pods Manifest.lock";
			outputPaths = (
				"$(DERIVED_FILE_DIR)/Pods-PatronCN-checkManifestLockResult.txt",
			);
			runOnlyForDeploymentPostprocessing = 0;
			shellPath = /bin/sh;
			shellScript = "diff \"${PODS_PODFILE_DIR_PATH}/Podfile.lock\" \"${PODS_ROOT}/Manifest.lock\" > /dev/null\nif [ $? != 0 ] ; then\n    # print error to STDERR\n    echo \"error: The sandbox is not in sync with the Podfile.lock. Run 'pod install' or update your CocoaPods installation.\" >&2\n    exit 1\nfi\n# This output is used by Xcode 'outputs' to avoid re-running this script phase.\necho \"SUCCESS\" > \"${SCRIPT_OUTPUT_FILE_0}\"\n";
			showEnvVarsInLog = 0;
		};
		C2BBDE32074B5C6691A503B5 /* [CP] Embed Pods Frameworks */ = {
			isa = PBXShellScriptBuildPhase;
			buildActionMask = 2147483647;
			files = (
			);
			inputPaths = (
				"${SRCROOT}/Pods/Target Support Files/Pods-PatronCN/Pods-PatronCN-frameworks.sh",
				"${BUILT_PRODUCTS_DIR}/Kingfisher/Kingfisher.framework",
				"${BUILT_PRODUCTS_DIR}/MKRingProgressView/MKRingProgressView.framework",
				"${BUILT_PRODUCTS_DIR}/ReachabilitySwift/Reachability.framework",
				"${BUILT_PRODUCTS_DIR}/Realm/Realm.framework",
				"${BUILT_PRODUCTS_DIR}/RealmSwift/RealmSwift.framework",
				"${BUILT_PRODUCTS_DIR}/SwiftyStoreKit/SwiftyStoreKit.framework",
				"${BUILT_PRODUCTS_DIR}/TPKeyboardAvoiding/TPKeyboardAvoiding.framework",
			);
			name = "[CP] Embed Pods Frameworks";
			outputPaths = (
				"${TARGET_BUILD_DIR}/${FRAMEWORKS_FOLDER_PATH}/Kingfisher.framework",
				"${TARGET_BUILD_DIR}/${FRAMEWORKS_FOLDER_PATH}/MKRingProgressView.framework",
				"${TARGET_BUILD_DIR}/${FRAMEWORKS_FOLDER_PATH}/Reachability.framework",
				"${TARGET_BUILD_DIR}/${FRAMEWORKS_FOLDER_PATH}/Realm.framework",
				"${TARGET_BUILD_DIR}/${FRAMEWORKS_FOLDER_PATH}/RealmSwift.framework",
				"${TARGET_BUILD_DIR}/${FRAMEWORKS_FOLDER_PATH}/SwiftyStoreKit.framework",
				"${TARGET_BUILD_DIR}/${FRAMEWORKS_FOLDER_PATH}/TPKeyboardAvoiding.framework",
			);
			runOnlyForDeploymentPostprocessing = 0;
			shellPath = /bin/sh;
			shellScript = "\"${SRCROOT}/Pods/Target Support Files/Pods-PatronCN/Pods-PatronCN-frameworks.sh\"\n";
			showEnvVarsInLog = 0;
		};
/* End PBXShellScriptBuildPhase section */

/* Begin PBXSourcesBuildPhase section */
		55CE427920901E5F009609E0 /* Sources */ = {
			isa = PBXSourcesBuildPhase;
			buildActionMask = 2147483647;
			files = (
				55B8CB9420AADA7D00ECCF09 /* DCService.swift in Sources */,
				55ADCC02209422CE000F921B /* ExercisesCell.swift in Sources */,
				555D30EC209076F100143C16 /* ImageLoader.swift in Sources */,
				55D3483B20A449BA00BF560D /* LoginViewController.swift in Sources */,
				55550E3420940CB100312163 /* ExerciseViewController.swift in Sources */,
				555D30F8209076F100143C16 /* SpringView.swift in Sources */,
				555D3101209076F100143C16 /* DesignableTextView.swift in Sources */,
				555D30F9209076F100143C16 /* DesignableButton.swift in Sources */,
				55A9E2ED20A97E2F00E058D6 /* DiscountViewController.swift in Sources */,
				555D30F5209076F100143C16 /* SpringTextView.swift in Sources */,
				55E872CD20AA826F00C44F97 /* Configuration.swift in Sources */,
				555D3104209076F100143C16 /* UnwindSegue.swift in Sources */,
				55550E3020940AE500312163 /* ChaptersViewController.swift in Sources */,
				55B8CB9120AACA0300ECCF09 /* InteractionPanToClose.swift in Sources */,
				555D30F7209076F100143C16 /* Misc.swift in Sources */,
				55ADCC062094249C000F921B /* BookmarksCell.swift in Sources */,
				55550E3620940CB700312163 /* MoreViewController.swift in Sources */,
				555D30FA209076F100143C16 /* SpringTextField.swift in Sources */,
				555D30FE209076F100143C16 /* DesignableVisualEffectView.swift in Sources */,
				555D30ED209076F100143C16 /* Spring.swift in Sources */,
				55A9E2EF20A97E3A00E058D6 /* PurchaseViewController.swift in Sources */,
				55A9E2EB20A97E2900E058D6 /* AccountViewController.swift in Sources */,
				555D3107209076F100143C16 /* AsyncImageView.swift in Sources */,
				555D3102209076F100143C16 /* AutoTextView.swift in Sources */,
				555D30F3209076F100143C16 /* DesignableTextField.swift in Sources */,
				555D30EE209076F100143C16 /* StatusBar.swift in Sources */,
				555D30EA209076F100143C16 /* TransitionManager.swift in Sources */,
				555D30E9209076F100143C16 /* KeyboardLayoutConstraint.swift in Sources */,
				55A9E2E720A9720F00E058D6 /* TestimonialViewController.swift in Sources */,
				55881BED20ABC1DB00648E73 /* Realm.swift in Sources */,
				55ADCC0420942406000F921B /* ExercisesCollectionViewCell.swift in Sources */,
				55D3483D20A449D700BF560D /* UpdatesViewController.swift in Sources */,
				555D30EB209076F100143C16 /* TransitionZoom.swift in Sources */,
				55D3483920A4498E00BF560D /* WebViewController.swift in Sources */,
				555D30F4209076F100143C16 /* SpringButton.swift in Sources */,
				555D3100209076F100143C16 /* SpringLabel.swift in Sources */,
				55A9E2E920A9724300E058D6 /* BenefitViewController.swift in Sources */,
				555D30FD209076F100143C16 /* AsyncButton.swift in Sources */,
				555D30FB209076F100143C16 /* DesignableView.swift in Sources */,
				555D3103209076F100143C16 /* SpringAnimation.swift in Sources */,
				555D30FC209076F100143C16 /* DesignableTabBarController.swift in Sources */,
				555D30EF209076F100143C16 /* SpringImageView.swift in Sources */,
				555D30E8209076F100143C16 /* DesignableImageView.swift in Sources */,
				555D30F2209076F100143C16 /* BlurView.swift in Sources */,
				55CE428120901E5F009609E0 /* AppDelegate.swift in Sources */,
				55B2EE2F2092D52B004B67C5 /* HomeViewController.swift in Sources */,
				555D30F6209076F100143C16 /* SpringTransform.swift in Sources */,
				555D30F1209076F100143C16 /* SoundPlayer.swift in Sources */,
				55B8CB9620AADBD000ECCF09 /* Data.swift in Sources */,
				555D3105209076F100143C16 /* LoadingView.swift in Sources */,
				55550E3220940C9F00312163 /* BookmarksViewController.swift in Sources */,
				55D3483F20A44A3100BF560D /* ExercisesViewController.swift in Sources */,
				555D30F0209076F100143C16 /* DesignableLabel.swift in Sources */,
			);
			runOnlyForDeploymentPostprocessing = 0;
		};
		55CE428D20901E60009609E0 /* Sources */ = {
			isa = PBXSourcesBuildPhase;
			buildActionMask = 2147483647;
			files = (
				55CE429620901E60009609E0 /* PatronCNTests.swift in Sources */,
			);
			runOnlyForDeploymentPostprocessing = 0;
		};
		55CE429820901E61009609E0 /* Sources */ = {
			isa = PBXSourcesBuildPhase;
			buildActionMask = 2147483647;
			files = (
				55CE42A120901E61009609E0 /* PatronCNUITests.swift in Sources */,
			);
			runOnlyForDeploymentPostprocessing = 0;
		};
/* End PBXSourcesBuildPhase section */

/* Begin PBXTargetDependency section */
		55CE429320901E60009609E0 /* PBXTargetDependency */ = {
			isa = PBXTargetDependency;
			target = 55CE427C20901E5F009609E0 /* PatronCN */;
			targetProxy = 55CE429220901E60009609E0 /* PBXContainerItemProxy */;
		};
		55CE429E20901E61009609E0 /* PBXTargetDependency */ = {
			isa = PBXTargetDependency;
			target = 55CE427C20901E5F009609E0 /* PatronCN */;
			targetProxy = 55CE429D20901E61009609E0 /* PBXContainerItemProxy */;
		};
/* End PBXTargetDependency section */

/* Begin PBXVariantGroup section */
		55CE428420901E5F009609E0 /* Main.storyboard */ = {
			isa = PBXVariantGroup;
			children = (
				55CE428520901E5F009609E0 /* Base */,
			);
			name = Main.storyboard;
			sourceTree = "<group>";
		};
		55CE428920901E60009609E0 /* LaunchScreen.storyboard */ = {
			isa = PBXVariantGroup;
			children = (
				55CE428A20901E60009609E0 /* Base */,
			);
			name = LaunchScreen.storyboard;
			sourceTree = "<group>";
		};
/* End PBXVariantGroup section */

/* Begin XCBuildConfiguration section */
		55CE42A320901E61009609E0 /* Debug */ = {
			isa = XCBuildConfiguration;
			buildSettings = {
				ALWAYS_SEARCH_USER_PATHS = NO;
				CLANG_ANALYZER_NONNULL = YES;
				CLANG_ANALYZER_NUMBER_OBJECT_CONVERSION = YES_AGGRESSIVE;
				CLANG_CXX_LANGUAGE_STANDARD = "gnu++14";
				CLANG_CXX_LIBRARY = "libc++";
				CLANG_ENABLE_MODULES = YES;
				CLANG_ENABLE_OBJC_ARC = YES;
				CLANG_ENABLE_OBJC_WEAK = YES;
				CLANG_WARN_BLOCK_CAPTURE_AUTORELEASING = YES;
				CLANG_WARN_BOOL_CONVERSION = YES;
				CLANG_WARN_COMMA = YES;
				CLANG_WARN_CONSTANT_CONVERSION = YES;
				CLANG_WARN_DEPRECATED_OBJC_IMPLEMENTATIONS = YES;
				CLANG_WARN_DIRECT_OBJC_ISA_USAGE = YES_ERROR;
				CLANG_WARN_DOCUMENTATION_COMMENTS = YES;
				CLANG_WARN_EMPTY_BODY = YES;
				CLANG_WARN_ENUM_CONVERSION = YES;
				CLANG_WARN_INFINITE_RECURSION = YES;
				CLANG_WARN_INT_CONVERSION = YES;
				CLANG_WARN_NON_LITERAL_NULL_CONVERSION = YES;
				CLANG_WARN_OBJC_IMPLICIT_RETAIN_SELF = YES;
				CLANG_WARN_OBJC_LITERAL_CONVERSION = YES;
				CLANG_WARN_OBJC_ROOT_CLASS = YES_ERROR;
				CLANG_WARN_RANGE_LOOP_ANALYSIS = YES;
				CLANG_WARN_STRICT_PROTOTYPES = YES;
				CLANG_WARN_SUSPICIOUS_MOVE = YES;
				CLANG_WARN_UNGUARDED_AVAILABILITY = YES_AGGRESSIVE;
				CLANG_WARN_UNREACHABLE_CODE = YES;
				CLANG_WARN__DUPLICATE_METHOD_MATCH = YES;
				CODE_SIGN_IDENTITY = "iPhone Developer";
				COPY_PHASE_STRIP = NO;
				DEBUG_INFORMATION_FORMAT = dwarf;
				ENABLE_STRICT_OBJC_MSGSEND = YES;
				ENABLE_TESTABILITY = YES;
				GCC_C_LANGUAGE_STANDARD = gnu11;
				GCC_DYNAMIC_NO_PIC = NO;
				GCC_NO_COMMON_BLOCKS = YES;
				GCC_OPTIMIZATION_LEVEL = 0;
				GCC_PREPROCESSOR_DEFINITIONS = (
					"DEBUG=1",
					"$(inherited)",
				);
				GCC_WARN_64_TO_32_BIT_CONVERSION = YES;
				GCC_WARN_ABOUT_RETURN_TYPE = YES_ERROR;
				GCC_WARN_UNDECLARED_SELECTOR = YES;
				GCC_WARN_UNINITIALIZED_AUTOS = YES_AGGRESSIVE;
				GCC_WARN_UNUSED_FUNCTION = YES;
				GCC_WARN_UNUSED_VARIABLE = YES;
				IPHONEOS_DEPLOYMENT_TARGET = 11.3;
				MTL_ENABLE_DEBUG_INFO = YES;
				ONLY_ACTIVE_ARCH = YES;
				SDKROOT = iphoneos;
				SWIFT_ACTIVE_COMPILATION_CONDITIONS = DEBUG;
				SWIFT_OPTIMIZATION_LEVEL = "-Onone";
			};
			name = Debug;
		};
		55CE42A420901E61009609E0 /* Release */ = {
			isa = XCBuildConfiguration;
			buildSettings = {
				ALWAYS_SEARCH_USER_PATHS = NO;
				CLANG_ANALYZER_NONNULL = YES;
				CLANG_ANALYZER_NUMBER_OBJECT_CONVERSION = YES_AGGRESSIVE;
				CLANG_CXX_LANGUAGE_STANDARD = "gnu++14";
				CLANG_CXX_LIBRARY = "libc++";
				CLANG_ENABLE_MODULES = YES;
				CLANG_ENABLE_OBJC_ARC = YES;
				CLANG_ENABLE_OBJC_WEAK = YES;
				CLANG_WARN_BLOCK_CAPTURE_AUTORELEASING = YES;
				CLANG_WARN_BOOL_CONVERSION = YES;
				CLANG_WARN_COMMA = YES;
				CLANG_WARN_CONSTANT_CONVERSION = YES;
				CLANG_WARN_DEPRECATED_OBJC_IMPLEMENTATIONS = YES;
				CLANG_WARN_DIRECT_OBJC_ISA_USAGE = YES_ERROR;
				CLANG_WARN_DOCUMENTATION_COMMENTS = YES;
				CLANG_WARN_EMPTY_BODY = YES;
				CLANG_WARN_ENUM_CONVERSION = YES;
				CLANG_WARN_INFINITE_RECURSION = YES;
				CLANG_WARN_INT_CONVERSION = YES;
				CLANG_WARN_NON_LITERAL_NULL_CONVERSION = YES;
				CLANG_WARN_OBJC_IMPLICIT_RETAIN_SELF = YES;
				CLANG_WARN_OBJC_LITERAL_CONVERSION = YES;
				CLANG_WARN_OBJC_ROOT_CLASS = YES_ERROR;
				CLANG_WARN_RANGE_LOOP_ANALYSIS = YES;
				CLANG_WARN_STRICT_PROTOTYPES = YES;
				CLANG_WARN_SUSPICIOUS_MOVE = YES;
				CLANG_WARN_UNGUARDED_AVAILABILITY = YES_AGGRESSIVE;
				CLANG_WARN_UNREACHABLE_CODE = YES;
				CLANG_WARN__DUPLICATE_METHOD_MATCH = YES;
				CODE_SIGN_IDENTITY = "iPhone Developer";
				COPY_PHASE_STRIP = NO;
				DEBUG_INFORMATION_FORMAT = "dwarf-with-dsym";
				ENABLE_NS_ASSERTIONS = NO;
				ENABLE_STRICT_OBJC_MSGSEND = YES;
				GCC_C_LANGUAGE_STANDARD = gnu11;
				GCC_NO_COMMON_BLOCKS = YES;
				GCC_WARN_64_TO_32_BIT_CONVERSION = YES;
				GCC_WARN_ABOUT_RETURN_TYPE = YES_ERROR;
				GCC_WARN_UNDECLARED_SELECTOR = YES;
				GCC_WARN_UNINITIALIZED_AUTOS = YES_AGGRESSIVE;
				GCC_WARN_UNUSED_FUNCTION = YES;
				GCC_WARN_UNUSED_VARIABLE = YES;
				IPHONEOS_DEPLOYMENT_TARGET = 11.3;
				MTL_ENABLE_DEBUG_INFO = NO;
				SDKROOT = iphoneos;
				SWIFT_COMPILATION_MODE = wholemodule;
				SWIFT_OPTIMIZATION_LEVEL = "-O";
				VALIDATE_PRODUCT = YES;
			};
			name = Release;
		};
		55CE42A620901E61009609E0 /* Debug */ = {
			isa = XCBuildConfiguration;
			baseConfigurationReference = A045786172CBAC3A500BAB41 /* Pods-PatronCN.debug.xcconfig */;
			buildSettings = {
				ASSETCATALOG_COMPILER_APPICON_NAME = AppIcon;
				CODE_SIGN_STYLE = Automatic;
				DEVELOPMENT_TEAM = 5M8C3L6PV4;
				INFOPLIST_FILE = PatronCN/Info.plist;
				LD_RUNPATH_SEARCH_PATHS = (
					"$(inherited)",
					"@executable_path/Frameworks",
				);
				PRODUCT_BUNDLE_IDENTIFIER = com.bjs.vender.PatronCN;
				PRODUCT_NAME = "$(TARGET_NAME)";
				SWIFT_VERSION = 4.0;
				TARGETED_DEVICE_FAMILY = "1,2";
			};
			name = Debug;
		};
		55CE42A720901E61009609E0 /* Release */ = {
			isa = XCBuildConfiguration;
			baseConfigurationReference = 8BBB4FB0EDA246B977F8FB66 /* Pods-PatronCN.release.xcconfig */;
			buildSettings = {
				ASSETCATALOG_COMPILER_APPICON_NAME = AppIcon;
				CODE_SIGN_STYLE = Automatic;
				DEVELOPMENT_TEAM = 5M8C3L6PV4;
				INFOPLIST_FILE = PatronCN/Info.plist;
				LD_RUNPATH_SEARCH_PATHS = (
					"$(inherited)",
					"@executable_path/Frameworks",
				);
				PRODUCT_BUNDLE_IDENTIFIER = com.bjs.vender.PatronCN;
				PRODUCT_NAME = "$(TARGET_NAME)";
				SWIFT_VERSION = 4.0;
				TARGETED_DEVICE_FAMILY = "1,2";
			};
			name = Release;
		};
		55CE42A920901E61009609E0 /* Debug */ = {
			isa = XCBuildConfiguration;
			buildSettings = {
				ALWAYS_EMBED_SWIFT_STANDARD_LIBRARIES = YES;
				BUNDLE_LOADER = "$(TEST_HOST)";
				CODE_SIGN_STYLE = Automatic;
				DEVELOPMENT_TEAM = 5M8C3L6PV4;
				INFOPLIST_FILE = PatronCNTests/Info.plist;
				LD_RUNPATH_SEARCH_PATHS = (
					"$(inherited)",
					"@executable_path/Frameworks",
					"@loader_path/Frameworks",
				);
				PRODUCT_BUNDLE_IDENTIFIER = com.bjs.vender.PatronCNTests;
				PRODUCT_NAME = "$(TARGET_NAME)";
				SWIFT_VERSION = 4.0;
				TARGETED_DEVICE_FAMILY = "1,2";
				TEST_HOST = "$(BUILT_PRODUCTS_DIR)/PatronCN.app/PatronCN";
			};
			name = Debug;
		};
		55CE42AA20901E61009609E0 /* Release */ = {
			isa = XCBuildConfiguration;
			buildSettings = {
				ALWAYS_EMBED_SWIFT_STANDARD_LIBRARIES = YES;
				BUNDLE_LOADER = "$(TEST_HOST)";
				CODE_SIGN_STYLE = Automatic;
				DEVELOPMENT_TEAM = 5M8C3L6PV4;
				INFOPLIST_FILE = PatronCNTests/Info.plist;
				LD_RUNPATH_SEARCH_PATHS = (
					"$(inherited)",
					"@executable_path/Frameworks",
					"@loader_path/Frameworks",
				);
				PRODUCT_BUNDLE_IDENTIFIER = com.bjs.vender.PatronCNTests;
				PRODUCT_NAME = "$(TARGET_NAME)";
				SWIFT_VERSION = 4.0;
				TARGETED_DEVICE_FAMILY = "1,2";
				TEST_HOST = "$(BUILT_PRODUCTS_DIR)/PatronCN.app/PatronCN";
			};
			name = Release;
		};
		55CE42AC20901E61009609E0 /* Debug */ = {
			isa = XCBuildConfiguration;
			buildSettings = {
				ALWAYS_EMBED_SWIFT_STANDARD_LIBRARIES = YES;
				CODE_SIGN_STYLE = Automatic;
				DEVELOPMENT_TEAM = 5M8C3L6PV4;
				INFOPLIST_FILE = PatronCNUITests/Info.plist;
				LD_RUNPATH_SEARCH_PATHS = (
					"$(inherited)",
					"@executable_path/Frameworks",
					"@loader_path/Frameworks",
				);
				PRODUCT_BUNDLE_IDENTIFIER = com.bjs.vender.PatronCNUITests;
				PRODUCT_NAME = "$(TARGET_NAME)";
				SWIFT_VERSION = 4.0;
				TARGETED_DEVICE_FAMILY = "1,2";
				TEST_TARGET_NAME = PatronCN;
			};
			name = Debug;
		};
		55CE42AD20901E61009609E0 /* Release */ = {
			isa = XCBuildConfiguration;
			buildSettings = {
				ALWAYS_EMBED_SWIFT_STANDARD_LIBRARIES = YES;
				CODE_SIGN_STYLE = Automatic;
				DEVELOPMENT_TEAM = 5M8C3L6PV4;
				INFOPLIST_FILE = PatronCNUITests/Info.plist;
				LD_RUNPATH_SEARCH_PATHS = (
					"$(inherited)",
					"@executable_path/Frameworks",
					"@loader_path/Frameworks",
				);
				PRODUCT_BUNDLE_IDENTIFIER = com.bjs.vender.PatronCNUITests;
				PRODUCT_NAME = "$(TARGET_NAME)";
				SWIFT_VERSION = 4.0;
				TARGETED_DEVICE_FAMILY = "1,2";
				TEST_TARGET_NAME = PatronCN;
			};
			name = Release;
		};
/* End XCBuildConfiguration section */

/* Begin XCConfigurationList section */
		55CE427820901E5E009609E0 /* Build configuration list for PBXProject "PatronCN" */ = {
			isa = XCConfigurationList;
			buildConfigurations = (
				55CE42A320901E61009609E0 /* Debug */,
				55CE42A420901E61009609E0 /* Release */,
			);
			defaultConfigurationIsVisible = 0;
			defaultConfigurationName = Release;
		};
		55CE42A520901E61009609E0 /* Build configuration list for PBXNativeTarget "PatronCN" */ = {
			isa = XCConfigurationList;
			buildConfigurations = (
				55CE42A620901E61009609E0 /* Debug */,
				55CE42A720901E61009609E0 /* Release */,
			);
			defaultConfigurationIsVisible = 0;
			defaultConfigurationName = Release;
		};
		55CE42A820901E61009609E0 /* Build configuration list for PBXNativeTarget "PatronCNTests" */ = {
			isa = XCConfigurationList;
			buildConfigurations = (
				55CE42A920901E61009609E0 /* Debug */,
				55CE42AA20901E61009609E0 /* Release */,
			);
			defaultConfigurationIsVisible = 0;
			defaultConfigurationName = Release;
		};
		55CE42AB20901E61009609E0 /* Build configuration list for PBXNativeTarget "PatronCNUITests" */ = {
			isa = XCConfigurationList;
			buildConfigurations = (
				55CE42AC20901E61009609E0 /* Debug */,
				55CE42AD20901E61009609E0 /* Release */,
			);
			defaultConfigurationIsVisible = 0;
			defaultConfigurationName = Release;
		};
/* End XCConfigurationList section */
	};
	rootObject = 55CE427520901E5E009609E0 /* Project object */;
}
