// !$*UTF8*$!
{
	archiveVersion = 1;
	classes = {
	};
	objectVersion = 50;
	objects = {

/* Begin PBXBuildFile section */
		55CE428120901E5F009609E0 /* AppDelegate.swift in Sources */ = {isa = PBXBuildFile; fileRef = 55CE428020901E5F009609E0 /* AppDelegate.swift */; };
		55CE428320901E5F009609E0 /* ViewController.swift in Sources */ = {isa = PBXBuildFile; fileRef = 55CE428220901E5F009609E0 /* ViewController.swift */; };
		55CE428620901E5F009609E0 /* Main.storyboard in Resources */ = {isa = PBXBuildFile; fileRef = 55CE428420901E5F009609E0 /* Main.storyboard */; };
		55CE428820901E60009609E0 /* Assets.xcassets in Resources */ = {isa = PBXBuildFile; fileRef = 55CE428720901E60009609E0 /* Assets.xcassets */; };
		55CE428B20901E60009609E0 /* LaunchScreen.storyboard in Resources */ = {isa = PBXBuildFile; fileRef = 55CE428920901E60009609E0 /* LaunchScreen.storyboard */; };
		55CE429620901E60009609E0 /* PatronCNTests.swift in Sources */ = {isa = PBXBuildFile; fileRef = 55CE429520901E60009609E0 /* PatronCNTests.swift */; };
		55CE42A120901E61009609E0 /* PatronCNUITests.swift in Sources */ = {isa = PBXBuildFile; fileRef = 55CE42A020901E61009609E0 /* PatronCNUITests.swift */; };
/* End PBXBuildFile section */

/* Begin PBXContainerItemProxy section */
		55CE429220901E60009609E0 /* PBXContainerItemProxy */ = {
			isa = PBXContainerItemProxy;
			containerPortal = 55CE427520901E5E009609E0 /* Project object */;
			proxyType = 1;
			remoteGlobalIDString = 55CE427C20901E5F009609E0;
			remoteInfo = PatronCN;
		};
		55CE429D20901E61009609E0 /* PBXContainerItemProxy */ = {
			isa = PBXContainerItemProxy;
			containerPortal = 55CE427520901E5E009609E0 /* Project object */;
			proxyType = 1;
			remoteGlobalIDString = 55CE427C20901E5F009609E0;
			remoteInfo = PatronCN;
		};
/* End PBXContainerItemProxy section */

/* Begin PBXFileReference section */
		55CE427D20901E5F009609E0 /* PatronCN.app */ = {isa = PBXFileReference; explicitFileType = wrapper.application; includeInIndex = 0; path = PatronCN.app; sourceTree = BUILT_PRODUCTS_DIR; };
		55CE428020901E5F009609E0 /* AppDelegate.swift */ = {isa = PBXFileReference; lastKnownFileType = sourcecode.swift; path = AppDelegate.swift; sourceTree = "<group>"; };
		55CE428220901E5F009609E0 /* ViewController.swift */ = {isa = PBXFileReference; lastKnownFileType = sourcecode.swift; path = ViewController.swift; sourceTree = "<group>"; };
		55CE428520901E5F009609E0 /* Base */ = {isa = PBXFileReference; lastKnownFileType = file.storyboard; name = Base; path = Base.lproj/Main.storyboard; sourceTree = "<group>"; };
		55CE428720901E60009609E0 /* Assets.xcassets */ = {isa = PBXFileReference; lastKnownFileType = folder.assetcatalog; path = Assets.xcassets; sourceTree = "<group>"; };
		55CE428A20901E60009609E0 /* Base */ = {isa = PBXFileReference; lastKnownFileType = file.storyboard; name = Base; path = Base.lproj/LaunchScreen.storyboard; sourceTree = "<group>"; };
		55CE428C20901E60009609E0 /* Info.plist */ = {isa = PBXFileReference; lastKnownFileType = text.plist.xml; path = Info.plist; sourceTree = "<group>"; };
		55CE429120901E60009609E0 /* PatronCNTests.xctest */ = {isa = PBXFileReference; explicitFileType = wrapper.cfbundle; includeInIndex = 0; path = PatronCNTests.xctest; sourceTree = BUILT_PRODUCTS_DIR; };
		55CE429520901E60009609E0 /* PatronCNTests.swift */ = {isa = PBXFileReference; lastKnownFileType = sourcecode.swift; path = PatronCNTests.swift; sourceTree = "<group>"; };
		55CE429720901E60009609E0 /* Info.plist */ = {isa = PBXFileReference; lastKnownFileType = text.plist.xml; path = Info.plist; sourceTree = "<group>"; };
		55CE429C20901E61009609E0 /* PatronCNUITests.xctest */ = {isa = PBXFileReference; explicitFileType = wrapper.cfbundle; includeInIndex = 0; path = PatronCNUITests.xctest; sourceTree = BUILT_PRODUCTS_DIR; };
		55CE42A020901E61009609E0 /* PatronCNUITests.swift */ = {isa = PBXFileReference; lastKnownFileType = sourcecode.swift; path = PatronCNUITests.swift; sourceTree = "<group>"; };
		55CE42A220901E61009609E0 /* Info.plist */ = {isa = PBXFileReference; lastKnownFileType = text.plist.xml; path = Info.plist; sourceTree = "<group>"; };
/* End PBXFileReference section */

/* Begin PBXFrameworksBuildPhase section */
		55CE427A20901E5F009609E0 /* Frameworks */ = {
			isa = PBXFrameworksBuildPhase;
			buildActionMask = 2147483647;
			files = (
			);
			runOnlyForDeploymentPostprocessing = 0;
		};
		55CE428E20901E60009609E0 /* Frameworks */ = {
			isa = PBXFrameworksBuildPhase;
			buildActionMask = 2147483647;
			files = (
			);
			runOnlyForDeploymentPostprocessing = 0;
		};
		55CE429920901E61009609E0 /* Frameworks */ = {
			isa = PBXFrameworksBuildPhase;
			buildActionMask = 2147483647;
			files = (
			);
			runOnlyForDeploymentPostprocessing = 0;
		};
/* End PBXFrameworksBuildPhase section */

/* Begin PBXGroup section */
		55CE427420901E5E009609E0 = {
			isa = PBXGroup;
			children = (
				55CE427F20901E5F009609E0 /* PatronCN */,
				55CE429420901E60009609E0 /* PatronCNTests */,
				55CE429F20901E61009609E0 /* PatronCNUITests */,
				55CE427E20901E5F009609E0 /* Products */,
			);
			sourceTree = "<group>";
		};
		55CE427E20901E5F009609E0 /* Products */ = {
			isa = PBXGroup;
			children = (
				55CE427D20901E5F009609E0 /* PatronCN.app */,
				55CE429120901E60009609E0 /* PatronCNTests.xctest */,
				55CE429C20901E61009609E0 /* PatronCNUITests.xctest */,
			);
			name = Products;
			sourceTree = "<group>";
		};
		55CE427F20901E5F009609E0 /* PatronCN */ = {
			isa = PBXGroup;
			children = (
				55CE428020901E5F009609E0 /* AppDelegate.swift */,
				55CE428220901E5F009609E0 /* ViewController.swift */,
				55CE428420901E5F009609E0 /* Main.storyboard */,
				55CE428720901E60009609E0 /* Assets.xcassets */,
				55CE428920901E60009609E0 /* LaunchScreen.storyboard */,
				55CE428C20901E60009609E0 /* Info.plist */,
			);
			path = PatronCN;
			sourceTree = "<group>";
		};
		55CE429420901E60009609E0 /* PatronCNTests */ = {
			isa = PBXGroup;
			children = (
				55CE429520901E60009609E0 /* PatronCNTests.swift */,
				55CE429720901E60009609E0 /* Info.plist */,
			);
			path = PatronCNTests;
			sourceTree = "<group>";
		};
		55CE429F20901E61009609E0 /* PatronCNUITests */ = {
			isa = PBXGroup;
			children = (
				55CE42A020901E61009609E0 /* PatronCNUITests.swift */,
				55CE42A220901E61009609E0 /* Info.plist */,
			);
			path = PatronCNUITests;
			sourceTree = "<group>";
		};
/* End PBXGroup section */

/* Begin PBXNativeTarget section */
		55CE427C20901E5F009609E0 /* PatronCN */ = {
			isa = PBXNativeTarget;
			buildConfigurationList = 55CE42A520901E61009609E0 /* Build configuration list for PBXNativeTarget "PatronCN" */;
			buildPhases = (
				55CE427920901E5F009609E0 /* Sources */,
				55CE427A20901E5F009609E0 /* Frameworks */,
				55CE427B20901E5F009609E0 /* Resources */,
			);
			buildRules = (
			);
			dependencies = (
			);
			name = PatronCN;
			productName = PatronCN;
			productReference = 55CE427D20901E5F009609E0 /* PatronCN.app */;
			productType = "com.apple.product-type.application";
		};
		55CE429020901E60009609E0 /* PatronCNTests */ = {
			isa = PBXNativeTarget;
			buildConfigurationList = 55CE42A820901E61009609E0 /* Build configuration list for PBXNativeTarget "PatronCNTests" */;
			buildPhases = (
				55CE428D20901E60009609E0 /* Sources */,
				55CE428E20901E60009609E0 /* Frameworks */,
				55CE428F20901E60009609E0 /* Resources */,
			);
			buildRules = (
			);
			dependencies = (
				55CE429320901E60009609E0 /* PBXTargetDependency */,
			);
			name = PatronCNTests;
			productName = PatronCNTests;
			productReference = 55CE429120901E60009609E0 /* PatronCNTests.xctest */;
			productType = "com.apple.product-type.bundle.unit-test";
		};
		55CE429B20901E61009609E0 /* PatronCNUITests */ = {
			isa = PBXNativeTarget;
			buildConfigurationList = 55CE42AB20901E61009609E0 /* Build configuration list for PBXNativeTarget "PatronCNUITests" */;
			buildPhases = (
				55CE429820901E61009609E0 /* Sources */,
				55CE429920901E61009609E0 /* Frameworks */,
				55CE429A20901E61009609E0 /* Resources */,
			);
			buildRules = (
			);
			dependencies = (
				55CE429E20901E61009609E0 /* PBXTargetDependency */,
			);
			name = PatronCNUITests;
			productName = PatronCNUITests;
			productReference = 55CE429C20901E61009609E0 /* PatronCNUITests.xctest */;
			productType = "com.apple.product-type.bundle.ui-testing";
		};
/* End PBXNativeTarget section */

/* Begin PBXProject section */
		55CE427520901E5E009609E0 /* Project object */ = {
			isa = PBXProject;
			attributes = {
				LastSwiftUpdateCheck = 0930;
				LastUpgradeCheck = 0930;
				ORGANIZATIONNAME = "Guangdong convensiun technology co.,LTD";
				TargetAttributes = {
					55CE427C20901E5F009609E0 = {
						CreatedOnToolsVersion = 9.3;
					};
					55CE429020901E60009609E0 = {
						CreatedOnToolsVersion = 9.3;
						TestTargetID = 55CE427C20901E5F009609E0;
					};
					55CE429B20901E61009609E0 = {
						CreatedOnToolsVersion = 9.3;
						TestTargetID = 55CE427C20901E5F009609E0;
					};
				};
			};
			buildConfigurationList = 55CE427820901E5E009609E0 /* Build configuration list for PBXProject "PatronCN" */;
			compatibilityVersion = "Xcode 9.3";
			developmentRegion = en;
			hasScannedForEncodings = 0;
			knownRegions = (
				en,
				Base,
			);
			mainGroup = 55CE427420901E5E009609E0;
			productRefGroup = 55CE427E20901E5F009609E0 /* Products */;
			projectDirPath = "";
			projectRoot = "";
			targets = (
				55CE427C20901E5F009609E0 /* PatronCN */,
				55CE429020901E60009609E0 /* PatronCNTests */,
				55CE429B20901E61009609E0 /* PatronCNUITests */,
			);
		};
/* End PBXProject section */

/* Begin PBXResourcesBuildPhase section */
		55CE427B20901E5F009609E0 /* Resources */ = {
			isa = PBXResourcesBuildPhase;
			buildActionMask = 2147483647;
			files = (
				55CE428B20901E60009609E0 /* LaunchScreen.storyboard in Resources */,
				55CE428820901E60009609E0 /* Assets.xcassets in Resources */,
				55CE428620901E5F009609E0 /* Main.storyboard in Resources */,
			);
			runOnlyForDeploymentPostprocessing = 0;
		};
		55CE428F20901E60009609E0 /* Resources */ = {
			isa = PBXResourcesBuildPhase;
			buildActionMask = 2147483647;
			files = (
			);
			runOnlyForDeploymentPostprocessing = 0;
		};
		55CE429A20901E61009609E0 /* Resources */ = {
			isa = PBXResourcesBuildPhase;
			buildActionMask = 2147483647;
			files = (
			);
			runOnlyForDeploymentPostprocessing = 0;
		};
/* End PBXResourcesBuildPhase section */

/* Begin PBXSourcesBuildPhase section */
		55CE427920901E5F009609E0 /* Sources */ = {
			isa = PBXSourcesBuildPhase;
			buildActionMask = 2147483647;
			files = (
				55CE428320901E5F009609E0 /* ViewController.swift in Sources */,
				55CE428120901E5F009609E0 /* AppDelegate.swift in Sources */,
			);
			runOnlyForDeploymentPostprocessing = 0;
		};
		55CE428D20901E60009609E0 /* Sources */ = {
			isa = PBXSourcesBuildPhase;
			buildActionMask = 2147483647;
			files = (
				55CE429620901E60009609E0 /* PatronCNTests.swift in Sources */,
			);
			runOnlyForDeploymentPostprocessing = 0;
		};
		55CE429820901E61009609E0 /* Sources */ = {
			isa = PBXSourcesBuildPhase;
			buildActionMask = 2147483647;
			files = (
				55CE42A120901E61009609E0 /* PatronCNUITests.swift in Sources */,
			);
			runOnlyForDeploymentPostprocessing = 0;
		};
/* End PBXSourcesBuildPhase section */

/* Begin PBXTargetDependency section */
		55CE429320901E60009609E0 /* PBXTargetDependency */ = {
			isa = PBXTargetDependency;
			target = 55CE427C20901E5F009609E0 /* PatronCN */;
			targetProxy = 55CE429220901E60009609E0 /* PBXContainerItemProxy */;
		};
		55CE429E20901E61009609E0 /* PBXTargetDependency */ = {
			isa = PBXTargetDependency;
			target = 55CE427C20901E5F009609E0 /* PatronCN */;
			targetProxy = 55CE429D20901E61009609E0 /* PBXContainerItemProxy */;
		};
/* End PBXTargetDependency section */

/* Begin PBXVariantGroup section */
		55CE428420901E5F009609E0 /* Main.storyboard */ = {
			isa = PBXVariantGroup;
			children = (
				55CE428520901E5F009609E0 /* Base */,
			);
			name = Main.storyboard;
			sourceTree = "<group>";
		};
		55CE428920901E60009609E0 /* LaunchScreen.storyboard */ = {
			isa = PBXVariantGroup;
			children = (
				55CE428A20901E60009609E0 /* Base */,
			);
			name = LaunchScreen.storyboard;
			sourceTree = "<group>";
		};
/* End PBXVariantGroup section */

/* Begin XCBuildConfiguration section */
		55CE42A320901E61009609E0 /* Debug */ = {
			isa = XCBuildConfiguration;
			buildSettings = {
				ALWAYS_SEARCH_USER_PATHS = NO;
				CLANG_ANALYZER_NONNULL = YES;
				CLANG_ANALYZER_NUMBER_OBJECT_CONVERSION = YES_AGGRESSIVE;
				CLANG_CXX_LANGUAGE_STANDARD = "gnu++14";
				CLANG_CXX_LIBRARY = "libc++";
				CLANG_ENABLE_MODULES = YES;
				CLANG_ENABLE_OBJC_ARC = YES;
				CLANG_ENABLE_OBJC_WEAK = YES;
				CLANG_WARN_BLOCK_CAPTURE_AUTORELEASING = YES;
				CLANG_WARN_BOOL_CONVERSION = YES;
				CLANG_WARN_COMMA = YES;
				CLANG_WARN_CONSTANT_CONVERSION = YES;
				CLANG_WARN_DEPRECATED_OBJC_IMPLEMENTATIONS = YES;
				CLANG_WARN_DIRECT_OBJC_ISA_USAGE = YES_ERROR;
				CLANG_WARN_DOCUMENTATION_COMMENTS = YES;
				CLANG_WARN_EMPTY_BODY = YES;
				CLANG_WARN_ENUM_CONVERSION = YES;
				CLANG_WARN_INFINITE_RECURSION = YES;
				CLANG_WARN_INT_CONVERSION = YES;
				CLANG_WARN_NON_LITERAL_NULL_CONVERSION = YES;
				CLANG_WARN_OBJC_IMPLICIT_RETAIN_SELF = YES;
				CLANG_WARN_OBJC_LITERAL_CONVERSION = YES;
				CLANG_WARN_OBJC_ROOT_CLASS = YES_ERROR;
				CLANG_WARN_RANGE_LOOP_ANALYSIS = YES;
				CLANG_WARN_STRICT_PROTOTYPES = YES;
				CLANG_WARN_SUSPICIOUS_MOVE = YES;
				CLANG_WARN_UNGUARDED_AVAILABILITY = YES_AGGRESSIVE;
				CLANG_WARN_UNREACHABLE_CODE = YES;
				CLANG_WARN__DUPLICATE_METHOD_MATCH = YES;
				CODE_SIGN_IDENTITY = "iPhone Developer";
				COPY_PHASE_STRIP = NO;
				DEBUG_INFORMATION_FORMAT = dwarf;
				ENABLE_STRICT_OBJC_MSGSEND = YES;
				ENABLE_TESTABILITY = YES;
				GCC_C_LANGUAGE_STANDARD = gnu11;
				GCC_DYNAMIC_NO_PIC = NO;
				GCC_NO_COMMON_BLOCKS = YES;
				GCC_OPTIMIZATION_LEVEL = 0;
				GCC_PREPROCESSOR_DEFINITIONS = (
					"DEBUG=1",
					"$(inherited)",
				);
				GCC_WARN_64_TO_32_BIT_CONVERSION = YES;
				GCC_WARN_ABOUT_RETURN_TYPE = YES_ERROR;
				GCC_WARN_UNDECLARED_SELECTOR = YES;
				GCC_WARN_UNINITIALIZED_AUTOS = YES_AGGRESSIVE;
				GCC_WARN_UNUSED_FUNCTION = YES;
				GCC_WARN_UNUSED_VARIABLE = YES;
				IPHONEOS_DEPLOYMENT_TARGET = 11.3;
				MTL_ENABLE_DEBUG_INFO = YES;
				ONLY_ACTIVE_ARCH = YES;
				SDKROOT = iphoneos;
				SWIFT_ACTIVE_COMPILATION_CONDITIONS = DEBUG;
				SWIFT_OPTIMIZATION_LEVEL = "-Onone";
			};
			name = Debug;
		};
		55CE42A420901E61009609E0 /* Release */ = {
			isa = XCBuildConfiguration;
			buildSettings = {
				ALWAYS_SEARCH_USER_PATHS = NO;
				CLANG_ANALYZER_NONNULL = YES;
				CLANG_ANALYZER_NUMBER_OBJECT_CONVERSION = YES_AGGRESSIVE;
				CLANG_CXX_LANGUAGE_STANDARD = "gnu++14";
				CLANG_CXX_LIBRARY = "libc++";
				CLANG_ENABLE_MODULES = YES;
				CLANG_ENABLE_OBJC_ARC = YES;
				CLANG_ENABLE_OBJC_WEAK = YES;
				CLANG_WARN_BLOCK_CAPTURE_AUTORELEASING = YES;
				CLANG_WARN_BOOL_CONVERSION = YES;
				CLANG_WARN_COMMA = YES;
				CLANG_WARN_CONSTANT_CONVERSION = YES;
				CLANG_WARN_DEPRECATED_OBJC_IMPLEMENTATIONS = YES;
				CLANG_WARN_DIRECT_OBJC_ISA_USAGE = YES_ERROR;
				CLANG_WARN_DOCUMENTATION_COMMENTS = YES;
				CLANG_WARN_EMPTY_BODY = YES;
				CLANG_WARN_ENUM_CONVERSION = YES;
				CLANG_WARN_INFINITE_RECURSION = YES;
				CLANG_WARN_INT_CONVERSION = YES;
				CLANG_WARN_NON_LITERAL_NULL_CONVERSION = YES;
				CLANG_WARN_OBJC_IMPLICIT_RETAIN_SELF = YES;
				CLANG_WARN_OBJC_LITERAL_CONVERSION = YES;
				CLANG_WARN_OBJC_ROOT_CLASS = YES_ERROR;
				CLANG_WARN_RANGE_LOOP_ANALYSIS = YES;
				CLANG_WARN_STRICT_PROTOTYPES = YES;
				CLANG_WARN_SUSPICIOUS_MOVE = YES;
				CLANG_WARN_UNGUARDED_AVAILABILITY = YES_AGGRESSIVE;
				CLANG_WARN_UNREACHABLE_CODE = YES;
				CLANG_WARN__DUPLICATE_METHOD_MATCH = YES;
				CODE_SIGN_IDENTITY = "iPhone Developer";
				COPY_PHASE_STRIP = NO;
				DEBUG_INFORMATION_FORMAT = "dwarf-with-dsym";
				ENABLE_NS_ASSERTIONS = NO;
				ENABLE_STRICT_OBJC_MSGSEND = YES;
				GCC_C_LANGUAGE_STANDARD = gnu11;
				GCC_NO_COMMON_BLOCKS = YES;
				GCC_WARN_64_TO_32_BIT_CONVERSION = YES;
				GCC_WARN_ABOUT_RETURN_TYPE = YES_ERROR;
				GCC_WARN_UNDECLARED_SELECTOR = YES;
				GCC_WARN_UNINITIALIZED_AUTOS = YES_AGGRESSIVE;
				GCC_WARN_UNUSED_FUNCTION = YES;
				GCC_WARN_UNUSED_VARIABLE = YES;
				IPHONEOS_DEPLOYMENT_TARGET = 11.3;
				MTL_ENABLE_DEBUG_INFO = NO;
				SDKROOT = iphoneos;
				SWIFT_COMPILATION_MODE = wholemodule;
				SWIFT_OPTIMIZATION_LEVEL = "-O";
				VALIDATE_PRODUCT = YES;
			};
			name = Release;
		};
		55CE42A620901E61009609E0 /* Debug */ = {
			isa = XCBuildConfiguration;
			buildSettings = {
				ASSETCATALOG_COMPILER_APPICON_NAME = AppIcon;
				CODE_SIGN_STYLE = Automatic;
				DEVELOPMENT_TEAM = 5M8C3L6PV4;
				INFOPLIST_FILE = PatronCN/Info.plist;
				LD_RUNPATH_SEARCH_PATHS = (
					"$(inherited)",
					"@executable_path/Frameworks",
				);
				PRODUCT_BUNDLE_IDENTIFIER = com.bjs.vender.PatronCN;
				PRODUCT_NAME = "$(TARGET_NAME)";
				SWIFT_VERSION = 4.0;
				TARGETED_DEVICE_FAMILY = "1,2";
			};
			name = Debug;
		};
		55CE42A720901E61009609E0 /* Release */ = {
			isa = XCBuildConfiguration;
			buildSettings = {
				ASSETCATALOG_COMPILER_APPICON_NAME = AppIcon;
				CODE_SIGN_STYLE = Automatic;
				DEVELOPMENT_TEAM = 5M8C3L6PV4;
				INFOPLIST_FILE = PatronCN/Info.plist;
				LD_RUNPATH_SEARCH_PATHS = (
					"$(inherited)",
					"@executable_path/Frameworks",
				);
				PRODUCT_BUNDLE_IDENTIFIER = com.bjs.vender.PatronCN;
				PRODUCT_NAME = "$(TARGET_NAME)";
				SWIFT_VERSION = 4.0;
				TARGETED_DEVICE_FAMILY = "1,2";
			};
			name = Release;
		};
		55CE42A920901E61009609E0 /* Debug */ = {
			isa = XCBuildConfiguration;
			buildSettings = {
				ALWAYS_EMBED_SWIFT_STANDARD_LIBRARIES = YES;
				BUNDLE_LOADER = "$(TEST_HOST)";
				CODE_SIGN_STYLE = Automatic;
				DEVELOPMENT_TEAM = 5M8C3L6PV4;
				INFOPLIST_FILE = PatronCNTests/Info.plist;
				LD_RUNPATH_SEARCH_PATHS = (
					"$(inherited)",
					"@executable_path/Frameworks",
					"@loader_path/Frameworks",
				);
				PRODUCT_BUNDLE_IDENTIFIER = com.bjs.vender.PatronCNTests;
				PRODUCT_NAME = "$(TARGET_NAME)";
				SWIFT_VERSION = 4.0;
				TARGETED_DEVICE_FAMILY = "1,2";
				TEST_HOST = "$(BUILT_PRODUCTS_DIR)/PatronCN.app/PatronCN";
			};
			name = Debug;
		};
		55CE42AA20901E61009609E0 /* Release */ = {
			isa = XCBuildConfiguration;
			buildSettings = {
				ALWAYS_EMBED_SWIFT_STANDARD_LIBRARIES = YES;
				BUNDLE_LOADER = "$(TEST_HOST)";
				CODE_SIGN_STYLE = Automatic;
				DEVELOPMENT_TEAM = 5M8C3L6PV4;
				INFOPLIST_FILE = PatronCNTests/Info.plist;
				LD_RUNPATH_SEARCH_PATHS = (
					"$(inherited)",
					"@executable_path/Frameworks",
					"@loader_path/Frameworks",
				);
				PRODUCT_BUNDLE_IDENTIFIER = com.bjs.vender.PatronCNTests;
				PRODUCT_NAME = "$(TARGET_NAME)";
				SWIFT_VERSION = 4.0;
				TARGETED_DEVICE_FAMILY = "1,2";
				TEST_HOST = "$(BUILT_PRODUCTS_DIR)/PatronCN.app/PatronCN";
			};
			name = Release;
		};
		55CE42AC20901E61009609E0 /* Debug */ = {
			isa = XCBuildConfiguration;
			buildSettings = {
				ALWAYS_EMBED_SWIFT_STANDARD_LIBRARIES = YES;
				CODE_SIGN_STYLE = Automatic;
				DEVELOPMENT_TEAM = 5M8C3L6PV4;
				INFOPLIST_FILE = PatronCNUITests/Info.plist;
				LD_RUNPATH_SEARCH_PATHS = (
					"$(inherited)",
					"@executable_path/Frameworks",
					"@loader_path/Frameworks",
				);
				PRODUCT_BUNDLE_IDENTIFIER = com.bjs.vender.PatronCNUITests;
				PRODUCT_NAME = "$(TARGET_NAME)";
				SWIFT_VERSION = 4.0;
				TARGETED_DEVICE_FAMILY = "1,2";
				TEST_TARGET_NAME = PatronCN;
			};
			name = Debug;
		};
		55CE42AD20901E61009609E0 /* Release */ = {
			isa = XCBuildConfiguration;
			buildSettings = {
				ALWAYS_EMBED_SWIFT_STANDARD_LIBRARIES = YES;
				CODE_SIGN_STYLE = Automatic;
				DEVELOPMENT_TEAM = 5M8C3L6PV4;
				INFOPLIST_FILE = PatronCNUITests/Info.plist;
				LD_RUNPATH_SEARCH_PATHS = (
					"$(inherited)",
					"@executable_path/Frameworks",
					"@loader_path/Frameworks",
				);
				PRODUCT_BUNDLE_IDENTIFIER = com.bjs.vender.PatronCNUITests;
				PRODUCT_NAME = "$(TARGET_NAME)";
				SWIFT_VERSION = 4.0;
				TARGETED_DEVICE_FAMILY = "1,2";
				TEST_TARGET_NAME = PatronCN;
			};
			name = Release;
		};
/* End XCBuildConfiguration section */

/* Begin XCConfigurationList section */
		55CE427820901E5E009609E0 /* Build configuration list for PBXProject "PatronCN" */ = {
			isa = XCConfigurationList;
			buildConfigurations = (
				55CE42A320901E61009609E0 /* Debug */,
				55CE42A420901E61009609E0 /* Release */,
			);
			defaultConfigurationIsVisible = 0;
			defaultConfigurationName = Release;
		};
		55CE42A520901E61009609E0 /* Build configuration list for PBXNativeTarget "PatronCN" */ = {
			isa = XCConfigurationList;
			buildConfigurations = (
				55CE42A620901E61009609E0 /* Debug */,
				55CE42A720901E61009609E0 /* Release */,
			);
			defaultConfigurationIsVisible = 0;
			defaultConfigurationName = Release;
		};
		55CE42A820901E61009609E0 /* Build configuration list for PBXNativeTarget "PatronCNTests" */ = {
			isa = XCConfigurationList;
			buildConfigurations = (
				55CE42A920901E61009609E0 /* Debug */,
				55CE42AA20901E61009609E0 /* Release */,
			);
			defaultConfigurationIsVisible = 0;
			defaultConfigurationName = Release;
		};
		55CE42AB20901E61009609E0 /* Build configuration list for PBXNativeTarget "PatronCNUITests" */ = {
			isa = XCConfigurationList;
			buildConfigurations = (
				55CE42AC20901E61009609E0 /* Debug */,
				55CE42AD20901E61009609E0 /* Release */,
			);
			defaultConfigurationIsVisible = 0;
			defaultConfigurationName = Release;
		};
/* End XCConfigurationList section */
	};
	rootObject = 55CE427520901E5E009609E0 /* Project object */;
}
